
Microsoft Visual Studio Solution File, Format Version 12.00
# Visual Studio 15
VisualStudioVersion = 15.0.28307.106
MinimumVisualStudioVersion = 10.0.40219.1
Project("{9A19103F-16F7-4668-BE54-9A1E7A4F7556}") = "KomobotCore", "KomobotCore\KomobotCore.csproj", "{D93E552B-B592-4A26-AA0A-11FBB08ED88D}"
EndProject
Project("{9A19103F-16F7-4668-BE54-9A1E7A4F7556}") = "Currency", "Currency\Currency.csproj", "{3BB8E362-C3EA-452E-BA03-8C0590AE5757}"
EndProject
Project("{9A19103F-16F7-4668-BE54-9A1E7A4F7556}") = "QrCodeCreation", "QrCodeCreation\QrCodeCreation.csproj", "{852BDE02-949D-414A-AF02-8934B63215AB}"
EndProject
Project("{9A19103F-16F7-4668-BE54-9A1E7A4F7556}") = "ServerSupervisor", "ServerSupervisor\ServerSupervisor.csproj", "{E01E106C-5146-4EFC-BA83-F0FC8FAC389B}"
EndProject
Project("{9A19103F-16F7-4668-BE54-9A1E7A4F7556}") = "Football", "Football\Football.csproj", "{A5815EA1-9A52-47A4-A348-EBDD2E487AE2}"
EndProject
Project("{9A19103F-16F7-4668-BE54-9A1E7A4F7556}") = "Strava", "Strava\Strava.csproj", "{FEE19CC7-9AD0-4B34-ABC6-BCAF2854B94D}"
EndProject
Project("{9A19103F-16F7-4668-BE54-9A1E7A4F7556}") = "KomoBase", "KomoBase\KomoBase.csproj", "{16F1AAF7-2B10-4EB6-A585-CE3AB91BCC1A}"
EndProject
Project("{9A19103F-16F7-4668-BE54-9A1E7A4F7556}") = "ClashRoyale", "ClashRoyale\ClashRoyale.csproj", "{4BB964A1-64A1-49A1-A7FD-A73A4DB0ECFC}"
EndProject
Project("{9A19103F-16F7-4668-BE54-9A1E7A4F7556}") = "Wow", "Wow\Wow.csproj", "{3206B1E2-F0A4-430E-B78C-72F5099E1B14}"
EndProject
Project("{9A19103F-16F7-4668-BE54-9A1E7A4F7556}") = "Twitch", "Twitch\Twitch.csproj", "{5E048FA6-A44B-4916-BBCC-24535F2D3234}"
EndProject
Project("{FAE04EC0-301F-11D3-BF4B-00C04F79EFBC}") = "League", "League\League.csproj", "{40A59D43-365D-451F-9A77-0E0855280934}"
EndProject
Global
	GlobalSection(SolutionConfigurationPlatforms) = preSolution
		Debug|Any CPU = Debug|Any CPU
		Debug|x86 = Debug|x86
		Release|Any CPU = Release|Any CPU
		Release|x86 = Release|x86
	EndGlobalSection
	GlobalSection(ProjectConfigurationPlatforms) = postSolution
		{D93E552B-B592-4A26-AA0A-11FBB08ED88D}.Debug|Any CPU.ActiveCfg = Debug|Any CPU
		{D93E552B-B592-4A26-AA0A-11FBB08ED88D}.Debug|Any CPU.Build.0 = Debug|Any CPU
		{D93E552B-B592-4A26-AA0A-11FBB08ED88D}.Debug|x86.ActiveCfg = Debug|x86
		{D93E552B-B592-4A26-AA0A-11FBB08ED88D}.Debug|x86.Build.0 = Debug|x86
		{D93E552B-B592-4A26-AA0A-11FBB08ED88D}.Release|Any CPU.ActiveCfg = Release|Any CPU
		{D93E552B-B592-4A26-AA0A-11FBB08ED88D}.Release|Any CPU.Build.0 = Release|Any CPU
		{D93E552B-B592-4A26-AA0A-11FBB08ED88D}.Release|x86.ActiveCfg = Release|x86
		{D93E552B-B592-4A26-AA0A-11FBB08ED88D}.Release|x86.Build.0 = Release|x86
		{3BB8E362-C3EA-452E-BA03-8C0590AE5757}.Debug|Any CPU.ActiveCfg = Debug|Any CPU
		{3BB8E362-C3EA-452E-BA03-8C0590AE5757}.Debug|Any CPU.Build.0 = Debug|Any CPU
		{3BB8E362-C3EA-452E-BA03-8C0590AE5757}.Debug|x86.ActiveCfg = Debug|Any CPU
		{3BB8E362-C3EA-452E-BA03-8C0590AE5757}.Debug|x86.Build.0 = Debug|Any CPU
		{3BB8E362-C3EA-452E-BA03-8C0590AE5757}.Release|Any CPU.ActiveCfg = Release|Any CPU
		{3BB8E362-C3EA-452E-BA03-8C0590AE5757}.Release|Any CPU.Build.0 = Release|Any CPU
		{3BB8E362-C3EA-452E-BA03-8C0590AE5757}.Release|x86.ActiveCfg = Release|Any CPU
		{3BB8E362-C3EA-452E-BA03-8C0590AE5757}.Release|x86.Build.0 = Release|Any CPU
		{852BDE02-949D-414A-AF02-8934B63215AB}.Debug|Any CPU.ActiveCfg = Debug|Any CPU
		{852BDE02-949D-414A-AF02-8934B63215AB}.Debug|Any CPU.Build.0 = Debug|Any CPU
		{852BDE02-949D-414A-AF02-8934B63215AB}.Debug|x86.ActiveCfg = Debug|Any CPU
		{852BDE02-949D-414A-AF02-8934B63215AB}.Debug|x86.Build.0 = Debug|Any CPU
		{852BDE02-949D-414A-AF02-8934B63215AB}.Release|Any CPU.ActiveCfg = Release|Any CPU
		{852BDE02-949D-414A-AF02-8934B63215AB}.Release|Any CPU.Build.0 = Release|Any CPU
		{852BDE02-949D-414A-AF02-8934B63215AB}.Release|x86.ActiveCfg = Release|Any CPU
		{852BDE02-949D-414A-AF02-8934B63215AB}.Release|x86.Build.0 = Release|Any CPU
		{E01E106C-5146-4EFC-BA83-F0FC8FAC389B}.Debug|Any CPU.ActiveCfg = Debug|Any CPU
		{E01E106C-5146-4EFC-BA83-F0FC8FAC389B}.Debug|Any CPU.Build.0 = Debug|Any CPU
		{E01E106C-5146-4EFC-BA83-F0FC8FAC389B}.Debug|x86.ActiveCfg = Debug|Any CPU
		{E01E106C-5146-4EFC-BA83-F0FC8FAC389B}.Debug|x86.Build.0 = Debug|Any CPU
		{E01E106C-5146-4EFC-BA83-F0FC8FAC389B}.Release|Any CPU.ActiveCfg = Release|Any CPU
		{E01E106C-5146-4EFC-BA83-F0FC8FAC389B}.Release|Any CPU.Build.0 = Release|Any CPU
		{E01E106C-5146-4EFC-BA83-F0FC8FAC389B}.Release|x86.ActiveCfg = Release|Any CPU
		{E01E106C-5146-4EFC-BA83-F0FC8FAC389B}.Release|x86.Build.0 = Release|Any CPU
		{A5815EA1-9A52-47A4-A348-EBDD2E487AE2}.Debug|Any CPU.ActiveCfg = Debug|Any CPU
		{A5815EA1-9A52-47A4-A348-EBDD2E487AE2}.Debug|Any CPU.Build.0 = Debug|Any CPU
		{A5815EA1-9A52-47A4-A348-EBDD2E487AE2}.Debug|x86.ActiveCfg = Debug|Any CPU
		{A5815EA1-9A52-47A4-A348-EBDD2E487AE2}.Debug|x86.Build.0 = Debug|Any CPU
		{A5815EA1-9A52-47A4-A348-EBDD2E487AE2}.Release|Any CPU.ActiveCfg = Release|Any CPU
		{A5815EA1-9A52-47A4-A348-EBDD2E487AE2}.Release|Any CPU.Build.0 = Release|Any CPU
		{A5815EA1-9A52-47A4-A348-EBDD2E487AE2}.Release|x86.ActiveCfg = Release|Any CPU
		{A5815EA1-9A52-47A4-A348-EBDD2E487AE2}.Release|x86.Build.0 = Release|Any CPU
		{FEE19CC7-9AD0-4B34-ABC6-BCAF2854B94D}.Debug|Any CPU.ActiveCfg = Debug|Any CPU
		{FEE19CC7-9AD0-4B34-ABC6-BCAF2854B94D}.Debug|Any CPU.Build.0 = Debug|Any CPU
		{FEE19CC7-9AD0-4B34-ABC6-BCAF2854B94D}.Debug|x86.ActiveCfg = Debug|Any CPU
		{FEE19CC7-9AD0-4B34-ABC6-BCAF2854B94D}.Debug|x86.Build.0 = Debug|Any CPU
		{FEE19CC7-9AD0-4B34-ABC6-BCAF2854B94D}.Release|Any CPU.ActiveCfg = Release|Any CPU
		{FEE19CC7-9AD0-4B34-ABC6-BCAF2854B94D}.Release|Any CPU.Build.0 = Release|Any CPU
		{FEE19CC7-9AD0-4B34-ABC6-BCAF2854B94D}.Release|x86.ActiveCfg = Release|Any CPU
		{FEE19CC7-9AD0-4B34-ABC6-BCAF2854B94D}.Release|x86.Build.0 = Release|Any CPU
		{16F1AAF7-2B10-4EB6-A585-CE3AB91BCC1A}.Debug|Any CPU.ActiveCfg = Debug|Any CPU
		{16F1AAF7-2B10-4EB6-A585-CE3AB91BCC1A}.Debug|Any CPU.Build.0 = Debug|Any CPU
		{16F1AAF7-2B10-4EB6-A585-CE3AB91BCC1A}.Debug|x86.ActiveCfg = Debug|Any CPU
		{16F1AAF7-2B10-4EB6-A585-CE3AB91BCC1A}.Debug|x86.Build.0 = Debug|Any CPU
		{16F1AAF7-2B10-4EB6-A585-CE3AB91BCC1A}.Release|Any CPU.ActiveCfg = Release|Any CPU
		{16F1AAF7-2B10-4EB6-A585-CE3AB91BCC1A}.Release|Any CPU.Build.0 = Release|Any CPU
		{16F1AAF7-2B10-4EB6-A585-CE3AB91BCC1A}.Release|x86.ActiveCfg = Release|Any CPU
		{16F1AAF7-2B10-4EB6-A585-CE3AB91BCC1A}.Release|x86.Build.0 = Release|Any CPU
		{4BB964A1-64A1-49A1-A7FD-A73A4DB0ECFC}.Debug|Any CPU.ActiveCfg = Debug|Any CPU
		{4BB964A1-64A1-49A1-A7FD-A73A4DB0ECFC}.Debug|Any CPU.Build.0 = Debug|Any CPU
		{4BB964A1-64A1-49A1-A7FD-A73A4DB0ECFC}.Debug|x86.ActiveCfg = Debug|Any CPU
		{4BB964A1-64A1-49A1-A7FD-A73A4DB0ECFC}.Debug|x86.Build.0 = Debug|Any CPU
		{4BB964A1-64A1-49A1-A7FD-A73A4DB0ECFC}.Release|Any CPU.ActiveCfg = Release|Any CPU
		{4BB964A1-64A1-49A1-A7FD-A73A4DB0ECFC}.Release|Any CPU.Build.0 = Release|Any CPU
		{4BB964A1-64A1-49A1-A7FD-A73A4DB0ECFC}.Release|x86.ActiveCfg = Release|Any CPU
		{4BB964A1-64A1-49A1-A7FD-A73A4DB0ECFC}.Release|x86.Build.0 = Release|Any CPU
		{3206B1E2-F0A4-430E-B78C-72F5099E1B14}.Debug|Any CPU.ActiveCfg = Debug|Any CPU
		{3206B1E2-F0A4-430E-B78C-72F5099E1B14}.Debug|Any CPU.Build.0 = Debug|Any CPU
		{3206B1E2-F0A4-430E-B78C-72F5099E1B14}.Debug|x86.ActiveCfg = Debug|Any CPU
		{3206B1E2-F0A4-430E-B78C-72F5099E1B14}.Debug|x86.Build.0 = Debug|Any CPU
		{3206B1E2-F0A4-430E-B78C-72F5099E1B14}.Release|Any CPU.ActiveCfg = Release|Any CPU
		{3206B1E2-F0A4-430E-B78C-72F5099E1B14}.Release|Any CPU.Build.0 = Release|Any CPU
		{3206B1E2-F0A4-430E-B78C-72F5099E1B14}.Release|x86.ActiveCfg = Release|Any CPU
		{3206B1E2-F0A4-430E-B78C-72F5099E1B14}.Release|x86.Build.0 = Release|Any CPU
		{5E048FA6-A44B-4916-BBCC-24535F2D3234}.Debug|Any CPU.ActiveCfg = Debug|Any CPU
		{5E048FA6-A44B-4916-BBCC-24535F2D3234}.Debug|Any CPU.Build.0 = Debug|Any CPU
		{5E048FA6-A44B-4916-BBCC-24535F2D3234}.Debug|x86.ActiveCfg = Debug|Any CPU
		{5E048FA6-A44B-4916-BBCC-24535F2D3234}.Debug|x86.Build.0 = Debug|Any CPU
		{5E048FA6-A44B-4916-BBCC-24535F2D3234}.Release|Any CPU.ActiveCfg = Release|Any CPU
		{5E048FA6-A44B-4916-BBCC-24535F2D3234}.Release|Any CPU.Build.0 = Release|Any CPU
		{5E048FA6-A44B-4916-BBCC-24535F2D3234}.Release|x86.ActiveCfg = Release|Any CPU
		{5E048FA6-A44B-4916-BBCC-24535F2D3234}.Release|x86.Build.0 = Release|Any CPU
		{40A59D43-365D-451F-9A77-0E0855280934}.Debug|Any CPU.ActiveCfg = Debug|Any CPU
		{40A59D43-365D-451F-9A77-0E0855280934}.Debug|Any CPU.Build.0 = Debug|Any CPU
		{40A59D43-365D-451F-9A77-0E0855280934}.Debug|x86.ActiveCfg = Debug|Any CPU
		{40A59D43-365D-451F-9A77-0E0855280934}.Debug|x86.Build.0 = Debug|Any CPU
		{40A59D43-365D-451F-9A77-0E0855280934}.Release|Any CPU.ActiveCfg = Release|Any CPU
		{40A59D43-365D-451F-9A77-0E0855280934}.Release|Any CPU.Build.0 = Release|Any CPU
		{40A59D43-365D-451F-9A77-0E0855280934}.Release|x86.ActiveCfg = Release|Any CPU
		{40A59D43-365D-451F-9A77-0E0855280934}.Release|x86.Build.0 = Release|Any CPU
	EndGlobalSection
	GlobalSection(SolutionProperties) = preSolution
		HideSolutionNode = FALSE
	EndGlobalSection
	GlobalSection(ExtensibilityGlobals) = postSolution
		SolutionGuid = {90DD2159-2103-4041-A4A1-BC4C6949E44A}
	EndGlobalSection
EndGlobal
